
Microsoft Visual Studio Solution File, Format Version 12.00
# Visual Studio Version 17
VisualStudioVersion = 17.2.32616.157
MinimumVisualStudioVersion = 10.0.40219.1
Project("{FAE04EC0-301F-11D3-BF4B-00C04F79EFBC}") = "Ejercicio 1", "Ejercicio 1.csproj", "{F38B0AC1-1AE9-4797-8A1C-301D843FBA0A}"
EndProject
Global
	GlobalSection(SolutionConfigurationPlatforms) = preSolution
		Debug|Any CPU = Debug|Any CPU
		Release|Any CPU = Release|Any CPU
	EndGlobalSection
	GlobalSection(ProjectConfigurationPlatforms) = postSolution
		{F38B0AC1-1AE9-4797-8A1C-301D843FBA0A}.Debug|Any CPU.ActiveCfg = Debug|Any CPU
		{F38B0AC1-1AE9-4797-8A1C-301D843FBA0A}.Debug|Any CPU.Build.0 = Debug|Any CPU
		{F38B0AC1-1AE9-4797-8A1C-301D843FBA0A}.Release|Any CPU.ActiveCfg = Release|Any CPU
		{F38B0AC1-1AE9-4797-8A1C-301D843FBA0A}.Release|Any CPU.Build.0 = Release|Any CPU
	EndGlobalSection
	GlobalSection(SolutionProperties) = preSolution
		HideSolutionNode = FALSE
	EndGlobalSection
	GlobalSection(ExtensibilityGlobals) = postSolution
		SolutionGuid = {76F5B7E1-A494-4E64-A54A-869929D3DB11}
	EndGlobalSection
EndGlobal
