
Microsoft Visual Studio Solution File, Format Version 12.00
# Visual Studio Version 17
VisualStudioVersion = 17.2.32616.157
MinimumVisualStudioVersion = 10.0.40219.1
Project("{FAE04EC0-301F-11D3-BF4B-00C04F79EFBC}") = "Ejercicio 2", "Ejercicio 2.csproj", "{2C5CC559-E9A4-41FB-AE7F-918B7D0C0788}"
EndProject
Global
	GlobalSection(SolutionConfigurationPlatforms) = preSolution
		Debug|Any CPU = Debug|Any CPU
		Release|Any CPU = Release|Any CPU
	EndGlobalSection
	GlobalSection(ProjectConfigurationPlatforms) = postSolution
		{2C5CC559-E9A4-41FB-AE7F-918B7D0C0788}.Debug|Any CPU.ActiveCfg = Debug|Any CPU
		{2C5CC559-E9A4-41FB-AE7F-918B7D0C0788}.Debug|Any CPU.Build.0 = Debug|Any CPU
		{2C5CC559-E9A4-41FB-AE7F-918B7D0C0788}.Release|Any CPU.ActiveCfg = Release|Any CPU
		{2C5CC559-E9A4-41FB-AE7F-918B7D0C0788}.Release|Any CPU.Build.0 = Release|Any CPU
	EndGlobalSection
	GlobalSection(SolutionProperties) = preSolution
		HideSolutionNode = FALSE
	EndGlobalSection
	GlobalSection(ExtensibilityGlobals) = postSolution
		SolutionGuid = {2D3E599E-1D73-459F-8267-DE8827CFFCD6}
	EndGlobalSection
EndGlobal
