
Microsoft Visual Studio Solution File, Format Version 12.00
# Visual Studio Version 17
VisualStudioVersion = 17.3.32804.467
MinimumVisualStudioVersion = 10.0.40219.1
Project("{FAE04EC0-301F-11D3-BF4B-00C04F79EFBC}") = "UniversityApiBackend", "UniversityApiBackend\UniversityApiBackend.csproj", "{0948B6FA-982B-40B0-BDCD-37EC597C4D2E}"
EndProject
Global
	GlobalSection(SolutionConfigurationPlatforms) = preSolution
		Debug|Any CPU = Debug|Any CPU
		Release|Any CPU = Release|Any CPU
	EndGlobalSection
	GlobalSection(ProjectConfigurationPlatforms) = postSolution
		{0948B6FA-982B-40B0-BDCD-37EC597C4D2E}.Debug|Any CPU.ActiveCfg = Debug|Any CPU
		{0948B6FA-982B-40B0-BDCD-37EC597C4D2E}.Debug|Any CPU.Build.0 = Debug|Any CPU
		{0948B6FA-982B-40B0-BDCD-37EC597C4D2E}.Release|Any CPU.ActiveCfg = Release|Any CPU
		{0948B6FA-982B-40B0-BDCD-37EC597C4D2E}.Release|Any CPU.Build.0 = Release|Any CPU
	EndGlobalSection
	GlobalSection(SolutionProperties) = preSolution
		HideSolutionNode = FALSE
	EndGlobalSection
	GlobalSection(ExtensibilityGlobals) = postSolution
		SolutionGuid = {3A1806B1-E432-4595-ACF0-27F7EA4952FA}
	EndGlobalSection
EndGlobal
